# THIS IS AN AUTOGENERATED FILE. DO NOT EDIT THIS FILE DIRECTLY.
# yarn lockfile v1


"@parabit/prettier@^0.0.5":
  version "0.0.5"
  resolved "https://registry.yarnpkg.com/@parabit/prettier/-/prettier-0.0.5.tgz#d9bd92a8ae379927514b98d99c5f73bc72ed3da7"
  integrity sha512-6xGG+mGZsdlUIEy59hJiDBanf/L91O8O0zg/RzDtGU6iwS9wA0gw7SwmwyTaonvjXvMwTI/sDuyVcIL4KdeOQg==

"@types/node@^22.14.0":
  version "22.14.0"
  resolved "https://registry.yarnpkg.com/@types/node/-/node-22.14.0.tgz#d3bfa3936fef0dbacd79ea3eb17d521c628bb47e"
  integrity sha512-Kmpl+z84ILoG+3T/zQFyAJsU6EPTmOCj8/2+83fSN6djd6I4o7uOuGIH6vq3PrjY5BGitSbFuMN18j3iknubbA==
  dependencies:
    undici-types "~6.21.0"

prettier@^3.5.3:
  version "3.5.3"
  resolved "https://registry.yarnpkg.com/prettier/-/prettier-3.5.3.tgz#4fc2ce0d657e7a02e602549f053b239cb7dfe1b5"
  integrity sha512-QQtaxnoDJeAkDvDKWCLiwIXkTgRhwYDEQCghU9Z6q03iyek/rxRh/2lC3HB7P8sWT2xC/y5JDctPLBIGzHKbhw==

typescript@^5.8.2:
  version "5.8.2"
  resolved "https://registry.yarnpkg.com/typescript/-/typescript-5.8.2.tgz#8170b3702f74b79db2e5a96207c15e65807999e4"
  integrity sha512-aJn6wq13/afZp/jT9QZmwEjDqqvSGp1VT5GVg+f/t6/oVyrgXM6BY1h9BRh/O5p3PlUPAe+WuiEZOmb/49RqoQ==

udsv@^0.7.1:
  version "0.7.1"
  resolved "https://registry.yarnpkg.com/udsv/-/udsv-0.7.1.tgz#7f57a7193e8a143b6949fa3e51e040f29eed8e5b"
  integrity sha512-f+r+dhMf6itVmkQXULl5OSvqobpKgm62DaXkkj+MIGLHFGKFct+6hE+5Qqf0KoLG3GS31AYOMygapUEJKMJfCg==

undici-types@~6.21.0:
  version "6.21.0"
  resolved "https://registry.yarnpkg.com/undici-types/-/undici-types-6.21.0.tgz#691d00af3909be93a7faa13be61b3a5b50ef12cb"
  integrity sha512-iwDZqg0QAGrg9Rav5H4n0M64c3mkR59cJ6wQp+7C4nI0gsmExaedaYLNO44eT4AtBBwjbTiGPMlt2Md0T9H9JQ==
